<?xml version="1.0" encoding="utf-8"?>
<Project ToolsVersion="4.0" xmlns="http://schemas.microsoft.com/developer/msbuild/2003">
  <ItemGroup>
    <Filter Include="Source Files">
      <UniqueIdentifier>{4FC737F1-C7A5-4376-A066-2A32D752A2FF}</UniqueIdentifier>
      <Extensions>cpp;c;cc;cxx;c++;cppm;ixx;def;odl;idl;hpj;bat;asm;asmx</Extensions>
    </Filter>
    <Filter Include="Header Files">
      <UniqueIdentifier>{93995380-89BD-4b04-88EB-625FBE52EBFB}</UniqueIdentifier>
      <Extensions>h;hh;hpp;hxx;h++;hm;inl;inc;ipp;xsd</Extensions>
    </Filter>
    <Filter Include="Resource Files">
      <UniqueIdentifier>{67DA6AB6-F800-4c08-8B7A-83BB121AAD01}</UniqueIdentifier>
      <Extensions>rc;ico;cur;bmp;dlg;rc2;rct;bin;rgs;gif;jpg;jpeg;jpe;resx;tiff;tif;png;wav;mfcribbon-ms</Extensions>
    </Filter>
  </ItemGroup>
  <ItemGroup>
    <ClCompile Include="Src\main.cpp">
      <Filter>Source Files</Filter>
    </ClCompile>
  </ItemGroup>
  <ItemGroup>
    <ClInclude Include="Third_Party\GEMLoader.h">
      <Filter>Header Files</Filter>
    </ClInclude>
    <ClInclude Include="Src\Engine\Platform\Window\Window.h">
      <Filter>Header Files</Filter>
    </ClInclude>
    <ClInclude Include="Src\Engine\Foundation\Maths.h">
      <Filter>Header Files</Filter>
    </ClInclude>
    <ClInclude Include="Src\Engine\Platform\DX12\DX12Device.h">
      <Filter>Header Files</Filter>
    </ClInclude>
    <ClInclude Include="Src\Engine\Platform\DX12\DX12CommandQueue.h">
      <Filter>Header Files</Filter>
    </ClInclude>
    <ClInclude Include="Src\Engine\Platform\DX12\DX12Renderer.h">
      <Filter>Header Files</Filter>
    </ClInclude>
    <ClInclude Include="Src\Engine\Platform\DX12\DX12Upload.h">
      <Filter>Header Files</Filter>
    </ClInclude>
    <ClInclude Include="Src\Engine\Graphics\Shader\ShaderManager.h">
      <Filter>Header Files</Filter>
    </ClInclude>
    <ClInclude Include="Src\Engine\Graphics\RenderContext.h">
      <Filter>Header Files</Filter>
    </ClInclude>
    <ClInclude Include="Src\Engine\Engine.h">
      <Filter>Header Files</Filter>
    </ClInclude>
    <ClInclude Include="Src\Engine\Foundation\Vertex.h">
      <Filter>Header Files</Filter>
    </ClInclude>
    <ClInclude Include="Src\Engine\Scene\Components\StaticMeshRenderComponent.h">
      <Filter>Header Files</Filter>
    </ClInclude>
    <ClInclude Include="Src\Engine\Scene\Component.h">
      <Filter>Header Files</Filter>
    </ClInclude>
    <ClInclude Include="Src\Engine\Scene\GameObject.h">
      <Filter>Header Files</Filter>
    </ClInclude>
    <ClInclude Include="Src\Engine\Foundation\Transform.h">
      <Filter>Header Files</Filter>
    </ClInclude>
    <ClInclude Include="Src\Engine\Scene\Components\CameraComponent.h">
      <Filter>Header Files</Filter>
    </ClInclude>
    <ClInclude Include="Src\Engine\Scene\Scene.h">
      <Filter>Header Files</Filter>
    </ClInclude>
    <ClInclude Include="Src\Engine\Foundation\Timer.h">
      <Filter>Header Files</Filter>
    </ClInclude>
    <ClInclude Include="Src\Engine\Graphics\Shader\ShaderCompiler.h">
      <Filter>Header Files</Filter>
    </ClInclude>
    <ClInclude Include="Src\Engine\Graphics\Shader\Shader.h">
      <Filter>Header Files</Filter>
    </ClInclude>
    <ClInclude Include="Src\Engine\Graphics\ConstantBuffer.h">
      <Filter>Header Files</Filter>
    </ClInclude>
    <ClInclude Include="Src\Engine\Graphics\Texture\Texture.h">
      <Filter>Header Files</Filter>
    </ClInclude>
    <ClInclude Include="Src\Engine\Graphics\Texture\TextureManager.h">
      <Filter>Header Files</Filter>
    </ClInclude>
    <ClInclude Include="Third_Party\stb_image.h">
      <Filter>Header Files</Filter>
    </ClInclude>
    <ClInclude Include="Src\Engine\Scene\Components\PlayerControllerComponent.h">
      <Filter>Header Files</Filter>
    </ClInclude>
    <ClInclude Include="Src\Engine\Scene\Components\MouseLookComponent.h">
      <Filter>Header Files</Filter>
    </ClInclude>
    <ClInclude Include="Src\Engine\Scene\Components\MovementComponent.h">
      <Filter>Header Files</Filter>
    </ClInclude>
    <ClInclude Include="Src\Engine\Platform\DX12\DX12Resources.h">
      <Filter>Header Files</Filter>
    </ClInclude>
    <ClInclude Include="Src\Engine\Platform\DX12\DX12Pipeline.h">
      <Filter>Header Files</Filter>
    </ClInclude>
    <ClInclude Include="Src\Engine\Graphics\PSOManager.h">
      <Filter>Header Files</Filter>
    </ClInclude>
    <ClInclude Include="Src\Engine\ModelLoader.h">
      <Filter>Header Files</Filter>
    </ClInclude>
  </ItemGroup>
  <ItemGroup>
    <FxCompile Include="Src\Assets\Shaders\staticMesh_ps.hlsl" />
    <FxCompile Include="Src\Assets\Shaders\staticMesh_vs.hlsl" />
    <FxCompile Include="Src\Assets\Shaders\animatedMesh_ps.hlsl" />
    <FxCompile Include="Src\Assets\Shaders\animatedMesh_vs.hlsl" />
    <FxCompile Include="Src\Assets\Shaders\skyBox_vs.hlsl">
      <Filter>Source Files</Filter>
    </FxCompile>
    <FxCompile Include="Src\Assets\Shaders\skyBox_ps.hlsl">
      <Filter>Source Files</Filter>
    </FxCompile>
  </ItemGroup>
</Project>