<?xml version="1.0" encoding="utf-8"?>
<Project ToolsVersion="4.0" xmlns="http://schemas.microsoft.com/developer/msbuild/2003">
  <ItemGroup>
    <Filter Include="Source Files">
      <UniqueIdentifier>{4FC737F1-C7A5-4376-A066-2A32D752A2FF}</UniqueIdentifier>
      <Extensions>cpp;c;cc;cxx;c++;cppm;ixx;def;odl;idl;hpj;bat;asm;asmx</Extensions>
    </Filter>
    <Filter Include="Header Files">
      <UniqueIdentifier>{93995380-89BD-4b04-88EB-625FBE52EBFB}</UniqueIdentifier>
      <Extensions>h;hh;hpp;hxx;h++;hm;inl;inc;ipp;xsd</Extensions>
    </Filter>
    <Filter Include="Resource Files">
      <UniqueIdentifier>{67DA6AB6-F800-4c08-8B7A-83BB121AAD01}</UniqueIdentifier>
      <Extensions>rc;ico;cur;bmp;dlg;rc2;rct;bin;rgs;gif;jpg;jpeg;jpe;resx;tiff;tif;png;wav;mfcribbon-ms</Extensions>
    </Filter>
  </ItemGroup>
  <ItemGroup>
    <ClCompile Include="Src\main.cpp">
      <Filter>Source Files</Filter>
    </ClCompile>
    <ClCompile Include="Src\Engine\Scene\Components\Component.cpp">
      <Filter>Source Files</Filter>
    </ClCompile>
    <ClCompile Include="Src\Engine\Scene\GameObject.cpp">
      <Filter>Source Files</Filter>
    </ClCompile>
    <ClCompile Include="Src\Engine\Scene\Scene.cpp">
      <Filter>Source Files</Filter>
    </ClCompile>
    <ClCompile Include="Src\Engine\Scene\Components\Render\SkyRenderComponent.cpp">
      <Filter>Source Files</Filter>
    </ClCompile>
    <ClCompile Include="Src\Engine\Scene\Components\CameraComponent.cpp">
      <Filter>Source Files</Filter>
    </ClCompile>
    <ClCompile Include="Src\Engine\Engine.cpp">
      <Filter>Source Files</Filter>
    </ClCompile>
    <ClCompile Include="Src\Engine\Graphics\Texture\Texture.cpp">
      <Filter>Source Files</Filter>
    </ClCompile>
    <ClCompile Include="Src\Game\FPSGame.cpp">
      <Filter>Source Files</Filter>
    </ClCompile>
    <ClCompile Include="Src\Engine\Scene\Components\ColliderComponent.cpp">
      <Filter>Source Files</Filter>
    </ClCompile>
    <ClCompile Include="Src\Engine\Foundation\Window\Window.cpp">
      <Filter>Source Files</Filter>
    </ClCompile>
    <ClCompile Include="Src\Engine\Scene\Components\Factory\ComponentFactory.cpp">
      <Filter>Source Files</Filter>
    </ClCompile>
    <ClCompile Include="Src\Engine\Graphics\Instancing\InstanceBuffer.cpp">
      <Filter>Source Files</Filter>
    </ClCompile>
    <ClCompile Include="Src\Engine\Graphics\Model\ModelLoader.cpp">
      <Filter>Source Files</Filter>
    </ClCompile>
    <ClCompile Include="Src\Engine\Graphics\Material\Material.cpp">
      <Filter>Source Files</Filter>
    </ClCompile>
    <ClCompile Include="Src\Engine\Graphics\Render\StaticMeshRenderPass.cpp">
      <Filter>Source Files</Filter>
    </ClCompile>
    <ClCompile Include="Src\Engine\Scene\Components\Animator\AnimatorComponent.cpp">
      <Filter>Source Files</Filter>
    </ClCompile>
    <ClCompile Include="Src\Engine\Scene\Components\Render\MeshRenderComponentBase.cpp">
      <Filter>Source Files</Filter>
    </ClCompile>
    <ClCompile Include="Src\Engine\Scene\Components\Render\StaticMeshRenderComponent.cpp">
      <Filter>Source Files</Filter>
    </ClCompile>
    <ClCompile Include="Src\Engine\Scene\Components\Render\AnimatedMeshRenderComponent.cpp">
      <Filter>Source Files</Filter>
    </ClCompile>
    <ClCompile Include="Src\Engine\Scene\Components\Render\FPSWeaponRenderComponent.cpp">
      <Filter>Source Files</Filter>
    </ClCompile>
    <ClCompile Include="Src\Engine\Scene\Components\Controller\WeaponControllerComponent.cpp">
      <Filter>Source Files</Filter>
    </ClCompile>
    <ClCompile Include="Src\Engine\Scene\Components\Controller\PlayerInputControllerComponent.cpp">
      <Filter>Source Files</Filter>
    </ClCompile>
    <ClCompile Include="Src\Game\Level\LevelLoader.cpp">
      <Filter>Source Files</Filter>
    </ClCompile>
    <ClCompile Include="Src\Engine\Scene\Components\Controller\CowControllerComponent.cpp">
      <Filter>Source Files</Filter>
    </ClCompile>
  </ItemGroup>
  <ItemGroup>
    <ClInclude Include="Third_Party\GEMLoader.h">
      <Filter>Header Files</Filter>
    </ClInclude>
    <ClInclude Include="Src\Engine\Graphics\Shader\ShaderManager.h">
      <Filter>Header Files</Filter>
    </ClInclude>
    <ClInclude Include="Src\Engine\Graphics\RenderContext.h">
      <Filter>Header Files</Filter>
    </ClInclude>
    <ClInclude Include="Src\Engine\Engine.h">
      <Filter>Header Files</Filter>
    </ClInclude>
    <ClInclude Include="Src\Engine\Scene\Components\Component.h">
      <Filter>Header Files</Filter>
    </ClInclude>
    <ClInclude Include="Src\Engine\Scene\GameObject.h">
      <Filter>Header Files</Filter>
    </ClInclude>
    <ClInclude Include="Src\Engine\Scene\Components\CameraComponent.h">
      <Filter>Header Files</Filter>
    </ClInclude>
    <ClInclude Include="Src\Engine\Scene\Scene.h">
      <Filter>Header Files</Filter>
    </ClInclude>
    <ClInclude Include="Src\Engine\Graphics\Shader\ShaderCompiler.h">
      <Filter>Header Files</Filter>
    </ClInclude>
    <ClInclude Include="Src\Engine\Graphics\Shader\Shader.h">
      <Filter>Header Files</Filter>
    </ClInclude>
    <ClInclude Include="Src\Engine\Graphics\Texture\Texture.h">
      <Filter>Header Files</Filter>
    </ClInclude>
    <ClInclude Include="Src\Engine\Graphics\Texture\TextureManager.h">
      <Filter>Header Files</Filter>
    </ClInclude>
    <ClInclude Include="Third_Party\stb_image.h">
      <Filter>Header Files</Filter>
    </ClInclude>
    <ClInclude Include="Src\Engine\Graphics\PSOManager.h">
      <Filter>Header Files</Filter>
    </ClInclude>
    <ClInclude Include="Src\Engine\Graphics\Animation\AnimationData.h">
      <Filter>Header Files</Filter>
    </ClInclude>
    <ClInclude Include="Src\Engine\Graphics\Animation\AnimationController.h">
      <Filter>Header Files</Filter>
    </ClInclude>
    <ClInclude Include="Src\Engine\Graphics\Mesh\MeshLib.h">
      <Filter>Header Files</Filter>
    </ClInclude>
    <ClInclude Include="Src\Engine\Scene\Components\Render\SkyRenderComponent.h">
      <Filter>Header Files</Filter>
    </ClInclude>
    <ClInclude Include="Src\Engine\Graphics\Material\Material.h">
      <Filter>Header Files</Filter>
    </ClInclude>
    <ClInclude Include="Src\Game\FPSGame.h">
      <Filter>Header Files</Filter>
    </ClInclude>
    <ClInclude Include="Src\Engine\Scene\Components\ColliderComponent.h">
      <Filter>Header Files</Filter>
    </ClInclude>
    <ClInclude Include="Src\Engine\Graphics\Mesh\Mesh.h">
      <Filter>Header Files</Filter>
    </ClInclude>
    <ClInclude Include="Src\Engine\Foundation\Base\Timer.h">
      <Filter>Header Files</Filter>
    </ClInclude>
    <ClInclude Include="Src\Engine\Foundation\Base\Transform.h">
      <Filter>Header Files</Filter>
    </ClInclude>
    <ClInclude Include="Src\Engine\Foundation\Base\Vertex.h">
      <Filter>Header Files</Filter>
    </ClInclude>
    <ClInclude Include="Src\Engine\Foundation\DX12\DX12CommandQueue.h">
      <Filter>Header Files</Filter>
    </ClInclude>
    <ClInclude Include="Src\Engine\Foundation\DX12\DX12Device.h">
      <Filter>Header Files</Filter>
    </ClInclude>
    <ClInclude Include="Src\Engine\Foundation\DX12\DX12RootSignature.h">
      <Filter>Header Files</Filter>
    </ClInclude>
    <ClInclude Include="Src\Engine\Foundation\DX12\DX12Resources.h">
      <Filter>Header Files</Filter>
    </ClInclude>
    <ClInclude Include="Src\Engine\Foundation\DX12\DX12Upload.h">
      <Filter>Header Files</Filter>
    </ClInclude>
    <ClInclude Include="Src\Engine\Foundation\DX12\DX12Renderer.h">
      <Filter>Header Files</Filter>
    </ClInclude>
    <ClInclude Include="Src\Engine\Foundation\Base\Maths.h">
      <Filter>Header Files</Filter>
    </ClInclude>
    <ClInclude Include="Src\Engine\Foundation\Window\Window.h">
      <Filter>Header Files</Filter>
    </ClInclude>
    <ClInclude Include="Src\Engine\Scene\Components\Factory\ComponentFactory.h">
      <Filter>Header Files</Filter>
    </ClInclude>
    <ClInclude Include="Src\Engine\Scene\Light.h">
      <Filter>Header Files</Filter>
    </ClInclude>
    <ClInclude Include="Src\Engine\Graphics\Material\MaterialManager.h">
      <Filter>Header Files</Filter>
    </ClInclude>
    <ClInclude Include="Src\Engine\Graphics\Instancing\InstanceBuffer.h">
      <Filter>Header Files</Filter>
    </ClInclude>
    <ClInclude Include="Src\Engine\Graphics\Instancing\InstanceData.h">
      <Filter>Header Files</Filter>
    </ClInclude>
    <ClInclude Include="Src\Engine\Graphics\Render\StaticMeshRenderPass.h">
      <Filter>Header Files</Filter>
    </ClInclude>
    <ClInclude Include="Src\Engine\Graphics\Model\ModelData.h">
      <Filter>Header Files</Filter>
    </ClInclude>
    <ClInclude Include="Src\Engine\Scene\SMInstanceSet.h">
      <Filter>Header Files</Filter>
    </ClInclude>
    <ClInclude Include="Src\Engine\Graphics\Model\ModelLoader.h">
      <Filter>Header Files</Filter>
    </ClInclude>
    <ClInclude Include="Src\Engine\Scene\Components\Animator\AnimatorComponent.h">
      <Filter>Header Files</Filter>
    </ClInclude>
    <ClInclude Include="Src\Engine\Scene\Components\Render\MeshRenderComponentBase.h">
      <Filter>Header Files</Filter>
    </ClInclude>
    <ClInclude Include="Src\Engine\Scene\Components\Render\StaticMeshRenderComponent.h">
      <Filter>Header Files</Filter>
    </ClInclude>
    <ClInclude Include="Src\Engine\Scene\Components\Render\AnimatedMeshRenderComponent.h">
      <Filter>Header Files</Filter>
    </ClInclude>
    <ClInclude Include="Src\Engine\Scene\Components\Render\FPSWeaponRenderComponent.h">
      <Filter>Header Files</Filter>
    </ClInclude>
    <ClInclude Include="Src\Engine\Scene\Components\Controller\PlayerInputControllerComponent.h">
      <Filter>Header Files</Filter>
    </ClInclude>
    <ClInclude Include="Src\Engine\Scene\Components\Controller\WeaponControllerComponent.h">
      <Filter>Header Files</Filter>
    </ClInclude>
    <ClInclude Include="Src\Game\Game.h">
      <Filter>Header Files</Filter>
    </ClInclude>
    <ClInclude Include="Src\Game\Level\LevelLoader.h">
      <Filter>Header Files</Filter>
    </ClInclude>
    <ClInclude Include="Src\Engine\Scene\Components\Controller\CowControllerComponent.h">
      <Filter>Header Files</Filter>
    </ClInclude>
    <ClInclude Include="Src\Engine\Foundation\Base\Utils.h">
      <Filter>Header Files</Filter>
    </ClInclude>
  </ItemGroup>
  <ItemGroup>
    <None Include="Src\Assets\Models\TRex.gem" />
    <None Include="Src\Assets\Models\Uzi.gem" />
    <None Include="Src\Assets\Models\beech.gem" />
    <None Include="Src\Assets\Models\flower1.gem" />
    <None Include="Src\Assets\Models\Cow-brown.gem" />
  </ItemGroup>
  <ItemGroup>
    <Image Include="Src\Assets\Models\Textures\Textures1_ALB.png">
      <Filter>Resource Files</Filter>
    </Image>
    <Image Include="Src\Assets\Models\Textures\Textures1_NH.png">
      <Filter>Resource Files</Filter>
    </Image>
    <Image Include="Src\Assets\Models\Textures\Textures1_RMAX.png">
      <Filter>Resource Files</Filter>
    </Image>
    <Image Include="Src\Assets\Models\Textures\T-rex_Base_Color_alb.png">
      <Filter>Resource Files</Filter>
    </Image>
    <Image Include="Src\Assets\Models\Textures\T-rex_Base_Color_nh.png">
      <Filter>Resource Files</Filter>
    </Image>
    <Image Include="Src\Assets\Models\Textures\T-rex_Base_Color_rmax.png">
      <Filter>Resource Files</Filter>
    </Image>
    <Image Include="Src\Assets\Textures\skysphere.png">
      <Filter>Resource Files</Filter>
    </Image>
    <Image Include="Src\Assets\Models\Textures\arms_1_Albedo_alb.png">
      <Filter>Resource Files</Filter>
    </Image>
    <Image Include="Src\Assets\Models\Textures\arms_1_Albedo_nh.png">
      <Filter>Resource Files</Filter>
    </Image>
    <Image Include="Src\Assets\Models\Textures\arms_1_Albedo_rmax.png">
      <Filter>Resource Files</Filter>
    </Image>
    <Image Include="Src\Assets\Models\Textures\arms_2_Albedo_alb.png">
      <Filter>Resource Files</Filter>
    </Image>
    <Image Include="Src\Assets\Models\Textures\arms_2_Albedo_nh.png">
      <Filter>Resource Files</Filter>
    </Image>
    <Image Include="Src\Assets\Models\Textures\arms_2_Albedo_rmax.png">
      <Filter>Resource Files</Filter>
    </Image>
    <Image Include="Src\Assets\Models\Textures\Uzi_Albedo_alb.png">
      <Filter>Resource Files</Filter>
    </Image>
    <Image Include="Src\Assets\Models\Textures\Uzi_Albedo_nh.png">
      <Filter>Resource Files</Filter>
    </Image>
    <Image Include="Src\Assets\Models\Textures\Uzi_Albedo_rmax.png">
      <Filter>Resource Files</Filter>
    </Image>
    <Image Include="Src\Assets\Models\Textures\Uzi_bullet_shell_Albedo_alb.png">
      <Filter>Resource Files</Filter>
    </Image>
    <Image Include="Src\Assets\Models\Textures\Uzi_bullet_shell_Albedo_nh.png">
      <Filter>Resource Files</Filter>
    </Image>
    <Image Include="Src\Assets\Models\Textures\Uzi_bullet_shell_Albedo_rmax.png">
      <Filter>Resource Files</Filter>
    </Image>
    <Image Include="Src\Assets\Textures\__default.png">
      <Filter>Resource Files</Filter>
    </Image>
    <Image Include="Src\Assets\Textures\rgb_green.png">
      <Filter>Resource Files</Filter>
    </Image>
    <Image Include="Src\Assets\Textures\ground_basecolor.png">
      <Filter>Resource Files</Filter>
    </Image>
    <Image Include="Src\Assets\Textures\ground_normal.png">
      <Filter>Resource Files</Filter>
    </Image>
    <Image Include="Src\Assets\Textures\wall1_basecolor.png">
      <Filter>Resource Files</Filter>
    </Image>
    <Image Include="Src\Assets\Textures\wall1_normal.png">
      <Filter>Resource Files</Filter>
    </Image>
    <Image Include="Src\Assets\Models\Textures\bark01_ALB.png">
      <Filter>Resource Files</Filter>
    </Image>
    <Image Include="Src\Assets\Models\Textures\bark01_NH.png">
      <Filter>Resource Files</Filter>
    </Image>
    <Image Include="Src\Assets\Models\Textures\bark01_RMAX.png">
      <Filter>Resource Files</Filter>
    </Image>
    <Image Include="Src\Assets\Models\Textures\beech leaf_ALB.png">
      <Filter>Resource Files</Filter>
    </Image>
    <Image Include="Src\Assets\Models\Textures\beech leaf_NH.png">
      <Filter>Resource Files</Filter>
    </Image>
    <Image Include="Src\Assets\Models\Textures\beech leaf_RMAX.png">
      <Filter>Resource Files</Filter>
    </Image>
    <Image Include="Src\Assets\Models\Textures\plant05_ALB.png">
      <Filter>Resource Files</Filter>
    </Image>
    <Image Include="Src\Assets\Models\Textures\plant05_NH.png">
      <Filter>Resource Files</Filter>
    </Image>
    <Image Include="Src\Assets\Models\Textures\plant05_RMAX.png">
      <Filter>Resource Files</Filter>
    </Image>
    <Image Include="Src\Assets\Models\Textures\flower daisy_ALB.png">
      <Filter>Resource Files</Filter>
    </Image>
    <Image Include="Src\Assets\Models\Textures\flower daisy_NH.png">
      <Filter>Resource Files</Filter>
    </Image>
    <Image Include="Src\Assets\Models\Textures\flower daisy_RMAX.png">
      <Filter>Resource Files</Filter>
    </Image>
    <Image Include="Src\Assets\Models\Textures\daisy leaf_ALB.png">
      <Filter>Resource Files</Filter>
    </Image>
    <Image Include="Src\Assets\Models\Textures\daisy leaf_NH.png">
      <Filter>Resource Files</Filter>
    </Image>
    <Image Include="Src\Assets\Models\Textures\daisy leaf_RMAX.png">
      <Filter>Resource Files</Filter>
    </Image>
    <Image Include="Src\Assets\Models\Textures\T_Animalstextures_alb.png">
      <Filter>Resource Files</Filter>
    </Image>
    <Image Include="Src\Assets\Models\Textures\T_Animalstextures_nh.png">
      <Filter>Resource Files</Filter>
    </Image>
    <Image Include="Src\Assets\Models\Textures\T_Animalstextures_rmax.png">
      <Filter>Resource Files</Filter>
    </Image>
  </ItemGroup>
  <ItemGroup>
    <FxCompile Include="Src\Assets\Shaders\debug_ps.hlsl" />
    <FxCompile Include="Src\Assets\Shaders\debug_vs.hlsl" />
    <FxCompile Include="Src\Assets\Shaders\am_ps.hlsl" />
    <FxCompile Include="Src\Assets\Shaders\am_vs.hlsl" />
    <FxCompile Include="Src\Assets\Shaders\sky_ps.hlsl" />
    <FxCompile Include="Src\Assets\Shaders\sky_vs.hlsl" />
    <FxCompile Include="Src\Assets\Shaders\sm_i_vs.hlsl" />
    <FxCompile Include="Src\Assets\Shaders\sm_ps.hlsl" />
    <FxCompile Include="Src\Assets\Shaders\sm_vs.hlsl" />
  </ItemGroup>
  <ItemGroup>
    <Text Include="Src\Assets\Levels\level_demo.txt" />
  </ItemGroup>
</Project>